
Microsoft Visual Studio Solution File, Format Version 12.00
# Visual Studio Version 17
VisualStudioVersion = 17.14.36429.23 d17.14
MinimumVisualStudioVersion = 10.0.40219.1
Project("{FAE04EC0-301F-11D3-BF4B-00C04F79EFBC}") = "BioFeedbackGenerator", "BioFeedbackGenerator\BioFeedbackGenerator.csproj", "{922B8F22-3A92-4A2A-B7A6-BF4818503950}"
EndProject
Global
	GlobalSection(SolutionConfigurationPlatforms) = preSolution
		Debug|Any CPU = Debug|Any CPU
		Release|Any CPU = Release|Any CPU
	EndGlobalSection
	GlobalSection(ProjectConfigurationPlatforms) = postSolution
		{922B8F22-3A92-4A2A-B7A6-BF4818503950}.Debug|Any CPU.ActiveCfg = Debug|Any CPU
		{922B8F22-3A92-4A2A-B7A6-BF4818503950}.Debug|Any CPU.Build.0 = Debug|Any CPU
		{922B8F22-3A92-4A2A-B7A6-BF4818503950}.Release|Any CPU.ActiveCfg = Release|Any CPU
		{922B8F22-3A92-4A2A-B7A6-BF4818503950}.Release|Any CPU.Build.0 = Release|Any CPU
	EndGlobalSection
	GlobalSection(SolutionProperties) = preSolution
		HideSolutionNode = FALSE
	EndGlobalSection
	GlobalSection(ExtensibilityGlobals) = postSolution
		SolutionGuid = {113F41FE-761F-4BFE-B286-2A78C4A99A47}
	EndGlobalSection
EndGlobal
